
Microsoft Visual Studio Solution File, Format Version 12.00
# Visual Studio 15
VisualStudioVersion = 15.0.28307.572
MinimumVisualStudioVersion = 10.0.40219.1
Project("{FAE04EC0-301F-11D3-BF4B-00C04F79EFBC}") = "Production.Api", "Production.Api\Production.Api.csproj", "{A112FD0B-F9BF-44B5-B55B-086756F56647}"
EndProject
Global
	GlobalSection(SolutionConfigurationPlatforms) = preSolution
		Debug|Any CPU = Debug|Any CPU
		Release|Any CPU = Release|Any CPU
	EndGlobalSection
	GlobalSection(ProjectConfigurationPlatforms) = postSolution
		{A112FD0B-F9BF-44B5-B55B-086756F56647}.Debug|Any CPU.ActiveCfg = Debug|Any CPU
		{A112FD0B-F9BF-44B5-B55B-086756F56647}.Debug|Any CPU.Build.0 = Debug|Any CPU
		{A112FD0B-F9BF-44B5-B55B-086756F56647}.Release|Any CPU.ActiveCfg = Release|Any CPU
		{A112FD0B-F9BF-44B5-B55B-086756F56647}.Release|Any CPU.Build.0 = Release|Any CPU
	EndGlobalSection
	GlobalSection(SolutionProperties) = preSolution
		HideSolutionNode = FALSE
	EndGlobalSection
	GlobalSection(ExtensibilityGlobals) = postSolution
		SolutionGuid = {669B714C-72F3-41C7-BEAC-2C338253D9D6}
	EndGlobalSection
EndGlobal
